
Microsoft Visual Studio Solution File, Format Version 12.00
Project("{FAE04EC0-301F-11D3-BF4B-00C04F79EFBC}") = "TodoListWebApi.WebApi", "TodoListWebApi.WebApi\TodoListWebApi.WebApi.csproj", "{7B4945E1-81C8-4261-B700-D25D9E5359A0}"
EndProject
Global
	GlobalSection(SolutionConfigurationPlatforms) = preSolution
		Debug|Any CPU = Debug|Any CPU
		Release|Any CPU = Release|Any CPU
	EndGlobalSection
	GlobalSection(ProjectConfigurationPlatforms) = postSolution
		{7B4945E1-81C8-4261-B700-D25D9E5359A0}.Debug|Any CPU.ActiveCfg = Debug|Any CPU
		{7B4945E1-81C8-4261-B700-D25D9E5359A0}.Debug|Any CPU.Build.0 = Debug|Any CPU
		{7B4945E1-81C8-4261-B700-D25D9E5359A0}.Release|Any CPU.ActiveCfg = Release|Any CPU
		{7B4945E1-81C8-4261-B700-D25D9E5359A0}.Release|Any CPU.Build.0 = Release|Any CPU
	EndGlobalSection
EndGlobal
